
Microsoft Visual Studio Solution File, Format Version 12.00
# Visual Studio Version 16
VisualStudioVersion = 16.0.31313.79
MinimumVisualStudioVersion = 10.0.40219.1
Project("{8BC9CEB8-8B4A-11D0-8D11-00A0C91BC942}") = "Client", "Client.vcxproj", "{EBE9A021-6660-4B48-B9B2-7ECC576E3CE1}"
EndProject
Global
	GlobalSection(SolutionConfigurationPlatforms) = preSolution
		Debug|x64 = Debug|x64
		Debug|x86 = Debug|x86
		Release|x64 = Release|x64
		Release|x86 = Release|x86
	EndGlobalSection
	GlobalSection(ProjectConfigurationPlatforms) = postSolution
		{EBE9A021-6660-4B48-B9B2-7ECC576E3CE1}.Debug|x64.ActiveCfg = Debug|x64
		{EBE9A021-6660-4B48-B9B2-7ECC576E3CE1}.Debug|x64.Build.0 = Debug|x64
		{EBE9A021-6660-4B48-B9B2-7ECC576E3CE1}.Debug|x86.ActiveCfg = Debug|Win32
		{EBE9A021-6660-4B48-B9B2-7ECC576E3CE1}.Debug|x86.Build.0 = Debug|Win32
		{EBE9A021-6660-4B48-B9B2-7ECC576E3CE1}.Release|x64.ActiveCfg = Release|x64
		{EBE9A021-6660-4B48-B9B2-7ECC576E3CE1}.Release|x64.Build.0 = Release|x64
		{EBE9A021-6660-4B48-B9B2-7ECC576E3CE1}.Release|x86.ActiveCfg = Release|Win32
		{EBE9A021-6660-4B48-B9B2-7ECC576E3CE1}.Release|x86.Build.0 = Release|Win32
	EndGlobalSection
	GlobalSection(SolutionProperties) = preSolution
		HideSolutionNode = FALSE
	EndGlobalSection
	GlobalSection(ExtensibilityGlobals) = postSolution
		SolutionGuid = {DCEA2D5C-4E21-4AFA-8C5B-721108FD49DD}
	EndGlobalSection
EndGlobal
